<Solution>
  <Folder Name="/Dependencies/" />
  <Folder Name="/Dependencies/ISO15118/">
    <Project Path="libs/WWCP_ISO15118/WWCP_ISO15118_2/WWCP_ISO15118_2.csproj" />
    <Project Path="libs/WWCP_ISO15118/WWCP_ISO15118_20/WWCP_ISO15118_20.csproj" />
    <Project Path="libs/WWCP_ISO15118/WWCP_ISO15118_2_Tests/WWCP_ISO15118_2_Tests.csproj" />
    <Project Path="libs/WWCP_ISO15118/WWCP_ISO15118_20_Tests/WWCP_ISO15118_20_Tests.csproj" />
    <Project Path="libs/WWCP_ISO15118/WWCP_ISO15118_NetworkInterfaces/WWCP_ISO15118_NetworkInterfaces.csproj" />
    <Project Path="libs/WWCP_ISO15118/WWCP_ISO15118_SDP/WWCP_ISO15118_SDP.csproj" />
    <Project Path="libs/WWCP_ISO15118/WWCP_ISO15118_SLAC/WWCP_ISO15118_SLAC.csproj" />
    <Project Path="libs/WWCP_ISO15118/WWCP_ISO15118_V2GTP/WWCP_ISO15118_V2GTP.csproj" />
  </Folder>
  <Folder Name="/Dependencies/Norn/">
    <Project Path="libs/Norn/Norn/Norn.csproj" />
    <Project Path="libs/Norn/NornTests/NornTests.csproj" />
    <Project Path="libs/Norn/NornDroneHTTPAPI/NornDroneHTTPAPI.csproj" />
    <Project Path="libs/Norn/NornDroneWebAPI/NornDroneWebAPI.csproj" />
    <Project Path="libs/Norn/NornHTTPAPI/NornHTTPAPI.csproj" />
    <Project Path="libs/Norn/NornWebAPI/NornWebAPI.csproj" />
  </Folder>
  <Folder Name="/Dependencies/OCPP/">
    <Project Path="libs/WWCP_OCPP/WWCP_OCPPv1.6/WWCP_OCPPv1.6.csproj" />
    <Project Path="libs/WWCP_OCPP/WWCP_OCPPv1.6_ChargePoint/WWCP_OCPPv1.6_ChargePoint.csproj" />
    <Project Path="libs/WWCP_OCPP/WWCP_OCPPv2.1/WWCP_OCPPv2.1.csproj" />
    <Project Path="libs/WWCP_OCPP/WWCP_OCPPv2.1_ChargingStation/WWCP_OCPPv2.1_ChargingStation.csproj" />
    <Project Path="libs/WWCP_OCPP/WWCP_OCPP_Common/WWCP_OCPP_Common.csproj" />
  </Folder>
  <Folder Name="/Dependencies/Urdr/">
    <Project Path="libs/Urdr/UrdrTests/UrdrTests.csproj" />
    <Project Path="libs/Urdr/Urdr/Urdr.csproj" />
  </Folder>
  <Folder Name="/Dependencies/Vanaheimr/">
    <Project Path="libs/Styx/Styx/Styx.csproj" />
    <Project Path="libs/Styx/StyxTests/StyxTests.csproj" />
    <Project Path="libs/Hermod/Hermod/Hermod.csproj" />
    <Project Path="libs/Hermod/HermodTests/HermodTests.csproj" />
  </Folder>
  <Folder Name="/Dependencies/WWCP/">
    <Project Path="libs/WWCP_Core/WWCP_CoreData/WWCP_CoreData.csproj" />
  </Folder>
  <Project Path="OCPP_ChargingStation/OCPP_ChargingStation.csproj" />
</Solution>
